<?xml version="1.0" encoding="utf-8"?>
<Project ToolsVersion="4.0" xmlns="http://schemas.microsoft.com/developer/msbuild/2003">
  <ItemGroup>
    <Filter Include="ソース ファイル">
      <UniqueIdentifier>{4FC737F1-C7A5-4376-A066-2A32D752A2FF}</UniqueIdentifier>
      <Extensions>cpp;c;cc;cxx;def;odl;idl;hpj;bat;asm;asmx</Extensions>
    </Filter>
    <Filter Include="Library">
      <UniqueIdentifier>{0036f564-b96c-4800-93e4-6809b35c4028}</UniqueIdentifier>
    </Filter>
    <Filter Include="Library\DataStructure">
      <UniqueIdentifier>{54f08856-5dca-4317-b1ae-9110789d8e67}</UniqueIdentifier>
    </Filter>
    <Filter Include="Library\Graph">
      <UniqueIdentifier>{e5d879a1-d81b-4c76-ac3f-2dade7cf3efc}</UniqueIdentifier>
    </Filter>
    <Filter Include="Library\Algorithm">
      <UniqueIdentifier>{06331c27-1001-4cb7-b479-d1742908abaf}</UniqueIdentifier>
    </Filter>
    <Filter Include="Library\Math">
      <UniqueIdentifier>{057a12bf-614b-4da8-8086-a92d54cc74b9}</UniqueIdentifier>
    </Filter>
    <Filter Include="Library\Other">
      <UniqueIdentifier>{b33fc26d-d106-4468-8892-250d72feb40b}</UniqueIdentifier>
    </Filter>
  </ItemGroup>
  <ItemGroup>
    <ClCompile Include="Library\Graph\dijkstra.cpp">
      <Filter>Library\Graph</Filter>
    </ClCompile>
    <ClCompile Include="Library\Graph\dijkstra_path.cpp">
      <Filter>Library\Graph</Filter>
    </ClCompile>
    <ClCompile Include="Library\Graph\eulertour.cpp">
      <Filter>Library\Graph</Filter>
    </ClCompile>
    <ClCompile Include="Library\Graph\LCA.cpp">
      <Filter>Library\Graph</Filter>
    </ClCompile>
    <ClCompile Include="Library\Graph\LCA_weighted.cpp">
      <Filter>Library\Graph</Filter>
    </ClCompile>
    <ClCompile Include="Library\Graph\istree.cpp">
      <Filter>Library\Graph</Filter>
    </ClCompile>
    <ClCompile Include="Library\Math\is_prime.cpp">
      <Filter>Library\Math</Filter>
    </ClCompile>
    <ClCompile Include="Library\Math\nCr.cpp">
      <Filter>Library\Math</Filter>
    </ClCompile>
    <ClCompile Include="Library\Math\prime_factor.cpp">
      <Filter>Library\Math</Filter>
    </ClCompile>
    <ClCompile Include="Library\Others\modint.cpp">
      <Filter>Library\Other</Filter>
    </ClCompile>
    <ClCompile Include="Library\DataStructure\BIT.cpp">
      <Filter>Library\DataStructure</Filter>
    </ClCompile>
    <ClCompile Include="Library\DataStructure\lazysegtree.cpp">
      <Filter>Library\DataStructure</Filter>
    </ClCompile>
    <ClCompile Include="Library\DataStructure\segtree.cpp">
      <Filter>Library\DataStructure</Filter>
    </ClCompile>
    <ClCompile Include="Library\Algorithm\LIS_dp.cpp">
      <Filter>Library\Algorithm</Filter>
    </ClCompile>
    <ClCompile Include="Library\template\template.cpp">
      <Filter>ソース ファイル</Filter>
    </ClCompile>
    <ClCompile Include="Library\Math\GCD+LCM.cpp">
      <Filter>ソース ファイル</Filter>
    </ClCompile>
    <ClCompile Include="Source\Source.cpp">
      <Filter>ソース ファイル</Filter>
    </ClCompile>
    <ClCompile Include="Library\DataStructure\sparsetable.cpp">
      <Filter>Library\DataStructure</Filter>
    </ClCompile>
    <ClCompile Include="Library\DataStructure\unionfInd.cpp">
      <Filter>Library\DataStructure</Filter>
    </ClCompile>
    <ClCompile Include="Library\Graph\warshallfloyd.cpp">
      <Filter>Library\Graph</Filter>
    </ClCompile>
    <ClCompile Include="test\template_yosupo-judge.test.cpp">
      <Filter>ソース ファイル</Filter>
    </ClCompile>
    <ClCompile Include="test\unionfind_yosupo-judge.test.cpp">
      <Filter>ソース ファイル</Filter>
    </ClCompile>
  </ItemGroup>
  <ItemGroup>
    <None Include="cpp.hint" />
  </ItemGroup>
</Project>