<?xml version="1.0" encoding="utf-8"?>
<Project ToolsVersion="4.0" xmlns="http://schemas.microsoft.com/developer/msbuild/2003">
  <ItemGroup>
    <Filter Include="ソース ファイル">
      <UniqueIdentifier>{4FC737F1-C7A5-4376-A066-2A32D752A2FF}</UniqueIdentifier>
      <Extensions>cpp;c;cc;cxx;def;odl;idl;hpj;bat;asm;asmx</Extensions>
    </Filter>
    <Filter Include="Library">
      <UniqueIdentifier>{0036f564-b96c-4800-93e4-6809b35c4028}</UniqueIdentifier>
    </Filter>
  </ItemGroup>
  <ItemGroup>
    <ClCompile Include="modint.cpp">
      <Filter>Library</Filter>
    </ClCompile>
    <ClCompile Include="nCr.cpp">
      <Filter>Library</Filter>
    </ClCompile>
    <ClCompile Include="prime_factor.cpp">
      <Filter>Library</Filter>
    </ClCompile>
    <ClCompile Include="is_prime.cpp">
      <Filter>Library</Filter>
    </ClCompile>
    <ClCompile Include="UnionFInd.cpp">
      <Filter>Library</Filter>
    </ClCompile>
    <ClCompile Include="Source.cpp">
      <Filter>ソース ファイル</Filter>
    </ClCompile>
    <ClCompile Include="segtree.cpp">
      <Filter>Library</Filter>
    </ClCompile>
    <ClCompile Include="BIT.cpp">
      <Filter>Library</Filter>
    </ClCompile>
    <ClCompile Include="lazysegtree.cpp">
      <Filter>Library</Filter>
    </ClCompile>
    <ClCompile Include="istree.cpp">
      <Filter>Library</Filter>
    </ClCompile>
    <ClCompile Include="SparseTable.cpp">
      <Filter>Library</Filter>
    </ClCompile>
    <ClCompile Include="LCA.cpp">
      <Filter>Library</Filter>
    </ClCompile>
    <ClCompile Include="WarshallFloyd.cpp">
      <Filter>Library</Filter>
    </ClCompile>
    <ClCompile Include="dijkstra.cpp">
      <Filter>Library</Filter>
    </ClCompile>
    <ClCompile Include="eulertour.cpp">
      <Filter>Library</Filter>
    </ClCompile>
    <ClCompile Include="dijkstra_path.cpp">
      <Filter>Library</Filter>
    </ClCompile>
    <ClCompile Include="LIS_dp.cpp">
      <Filter>Library</Filter>
    </ClCompile>
  </ItemGroup>
  <ItemGroup>
    <None Include="cpp.hint" />
  </ItemGroup>
</Project>